
Microsoft Visual Studio Solution File, Format Version 12.00
# Visual Studio Version 16
VisualStudioVersion = 16.0.31105.61
MinimumVisualStudioVersion = 10.0.40219.1
Project("{FAE04EC0-301F-11D3-BF4B-00C04F79EFBC}") = "week04-1", "week04-1\week04-1.csproj", "{D6628A90-899D-4CC7-A343-28262A8A79BA}"
EndProject
Global
	GlobalSection(SolutionConfigurationPlatforms) = preSolution
		Debug|Any CPU = Debug|Any CPU
		Release|Any CPU = Release|Any CPU
	EndGlobalSection
	GlobalSection(ProjectConfigurationPlatforms) = postSolution
		{D6628A90-899D-4CC7-A343-28262A8A79BA}.Debug|Any CPU.ActiveCfg = Debug|Any CPU
		{D6628A90-899D-4CC7-A343-28262A8A79BA}.Debug|Any CPU.Build.0 = Debug|Any CPU
		{D6628A90-899D-4CC7-A343-28262A8A79BA}.Release|Any CPU.ActiveCfg = Release|Any CPU
		{D6628A90-899D-4CC7-A343-28262A8A79BA}.Release|Any CPU.Build.0 = Release|Any CPU
	EndGlobalSection
	GlobalSection(SolutionProperties) = preSolution
		HideSolutionNode = FALSE
	EndGlobalSection
	GlobalSection(ExtensibilityGlobals) = postSolution
		SolutionGuid = {06697833-4564-4B08-B17E-99F04086D0EA}
	EndGlobalSection
EndGlobal
